
Microsoft Visual Studio Solution File, Format Version 12.00
# Visual Studio 15
VisualStudioVersion = 15.0.27130.2003
MinimumVisualStudioVersion = 10.0.40219.1
Project("{FAE04EC0-301F-11D3-BF4B-00C04F79EFBC}") = "MvcExample", "MvcExample\MvcExample.csproj", "{F79181A0-CEB0-4A86-AC62-2CC47778378E}"
EndProject
Project("{FAE04EC0-301F-11D3-BF4B-00C04F79EFBC}") = "MvcExample.Data", "MvcExample.Data\MvcExample.Data.csproj", "{3FFAA241-8573-47EC-815F-9F150917C60A}"
EndProject
Global
	GlobalSection(SolutionConfigurationPlatforms) = preSolution
		Debug|Any CPU = Debug|Any CPU
		Release|Any CPU = Release|Any CPU
	EndGlobalSection
	GlobalSection(ProjectConfigurationPlatforms) = postSolution
		{F79181A0-CEB0-4A86-AC62-2CC47778378E}.Debug|Any CPU.ActiveCfg = Debug|Any CPU
		{F79181A0-CEB0-4A86-AC62-2CC47778378E}.Debug|Any CPU.Build.0 = Debug|Any CPU
		{F79181A0-CEB0-4A86-AC62-2CC47778378E}.Release|Any CPU.ActiveCfg = Release|Any CPU
		{F79181A0-CEB0-4A86-AC62-2CC47778378E}.Release|Any CPU.Build.0 = Release|Any CPU
		{3FFAA241-8573-47EC-815F-9F150917C60A}.Debug|Any CPU.ActiveCfg = Debug|Any CPU
		{3FFAA241-8573-47EC-815F-9F150917C60A}.Debug|Any CPU.Build.0 = Debug|Any CPU
		{3FFAA241-8573-47EC-815F-9F150917C60A}.Release|Any CPU.ActiveCfg = Release|Any CPU
		{3FFAA241-8573-47EC-815F-9F150917C60A}.Release|Any CPU.Build.0 = Release|Any CPU
	EndGlobalSection
	GlobalSection(SolutionProperties) = preSolution
		HideSolutionNode = FALSE
	EndGlobalSection
	GlobalSection(ExtensibilityGlobals) = postSolution
		SolutionGuid = {35ECA3AC-60E2-4790-9F5D-5EB0C6AA29C9}
	EndGlobalSection
EndGlobal
